
Microsoft Visual Studio Solution File, Format Version 12.00
# Visual Studio Version 16
VisualStudioVersion = 16.0.29709.97
MinimumVisualStudioVersion = 10.0.40219.1
Project("{9A19103F-16F7-4668-BE54-9A1E7A4F7556}") = "Hubster.Auth", "src\Hubster.Auth\Hubster.Auth.csproj", "{6630DA33-A067-40FD-A4DA-59E0F6B27D1A}"
EndProject
Project("{2150E333-8FDC-42A3-9474-1A3956D46DE8}") = "00. Solution Items", "00. Solution Items", "{C402724C-8563-473A-8BC9-2A1D4965C7ED}"
	ProjectSection(SolutionItems) = preProject
		azure-pipelines.yml = azure-pipelines.yml
		Hubster.licenseheader = Hubster.licenseheader
		README.md = README.md
	EndProjectSection
EndProject
Project("{2150E333-8FDC-42A3-9474-1A3956D46DE8}") = "01. Client Libraries", "01. Client Libraries", "{F3B48969-EAA7-4D0F-B8C9-EADAD1E8DA53}"
EndProject
Project("{2150E333-8FDC-42A3-9474-1A3956D46DE8}") = "02. TestHarness", "02. TestHarness", "{C6FBB2DA-B3A1-4165-90C8-F34408B55A2E}"
EndProject
Project("{9A19103F-16F7-4668-BE54-9A1E7A4F7556}") = "TestHarness", "src\TestHarness\TestHarness.csproj", "{6E28DD91-4E98-4920-906E-B2935DD67B10}"
EndProject
Project("{9A19103F-16F7-4668-BE54-9A1E7A4F7556}") = "Hubster.Direct", "src\Hubster.Direct\Hubster.Direct.csproj", "{BCC5085C-4627-4C8C-A342-75C0D26BD176}"
EndProject
Project("{9A19103F-16F7-4668-BE54-9A1E7A4F7556}") = "TestHarnessCustomer", "src\TestHarnessCustomer\TestHarnessCustomer.csproj", "{2E3C9807-9FB1-44A2-9D1D-8B78E1C0C689}"
EndProject
Project("{9A19103F-16F7-4668-BE54-9A1E7A4F7556}") = "TestHarnessBusiness", "src\TestHarnessBusiness\TestHarnessBusiness.csproj", "{0D9477A0-7D9F-445B-B13C-878C2ABDB529}"
EndProject
Project("{9A19103F-16F7-4668-BE54-9A1E7A4F7556}") = "Hubster.Abstractions", "src\Hubster.Abstractions\Hubster.Abstractions\Hubster.Abstractions.csproj", "{D7A1DF2E-9BD9-418F-9348-B82BB021D8AA}"
EndProject
Global
	GlobalSection(SolutionConfigurationPlatforms) = preSolution
		Debug|Any CPU = Debug|Any CPU
		Release|Any CPU = Release|Any CPU
	EndGlobalSection
	GlobalSection(ProjectConfigurationPlatforms) = postSolution
		{6630DA33-A067-40FD-A4DA-59E0F6B27D1A}.Debug|Any CPU.ActiveCfg = Debug|Any CPU
		{6630DA33-A067-40FD-A4DA-59E0F6B27D1A}.Debug|Any CPU.Build.0 = Debug|Any CPU
		{6630DA33-A067-40FD-A4DA-59E0F6B27D1A}.Release|Any CPU.ActiveCfg = Release|Any CPU
		{6630DA33-A067-40FD-A4DA-59E0F6B27D1A}.Release|Any CPU.Build.0 = Release|Any CPU
		{6E28DD91-4E98-4920-906E-B2935DD67B10}.Debug|Any CPU.ActiveCfg = Debug|Any CPU
		{6E28DD91-4E98-4920-906E-B2935DD67B10}.Debug|Any CPU.Build.0 = Debug|Any CPU
		{6E28DD91-4E98-4920-906E-B2935DD67B10}.Release|Any CPU.ActiveCfg = Release|Any CPU
		{6E28DD91-4E98-4920-906E-B2935DD67B10}.Release|Any CPU.Build.0 = Release|Any CPU
		{BCC5085C-4627-4C8C-A342-75C0D26BD176}.Debug|Any CPU.ActiveCfg = Debug|Any CPU
		{BCC5085C-4627-4C8C-A342-75C0D26BD176}.Debug|Any CPU.Build.0 = Debug|Any CPU
		{BCC5085C-4627-4C8C-A342-75C0D26BD176}.Release|Any CPU.ActiveCfg = Release|Any CPU
		{BCC5085C-4627-4C8C-A342-75C0D26BD176}.Release|Any CPU.Build.0 = Release|Any CPU
		{2E3C9807-9FB1-44A2-9D1D-8B78E1C0C689}.Debug|Any CPU.ActiveCfg = Debug|Any CPU
		{2E3C9807-9FB1-44A2-9D1D-8B78E1C0C689}.Debug|Any CPU.Build.0 = Debug|Any CPU
		{2E3C9807-9FB1-44A2-9D1D-8B78E1C0C689}.Release|Any CPU.ActiveCfg = Release|Any CPU
		{2E3C9807-9FB1-44A2-9D1D-8B78E1C0C689}.Release|Any CPU.Build.0 = Release|Any CPU
		{0D9477A0-7D9F-445B-B13C-878C2ABDB529}.Debug|Any CPU.ActiveCfg = Debug|Any CPU
		{0D9477A0-7D9F-445B-B13C-878C2ABDB529}.Debug|Any CPU.Build.0 = Debug|Any CPU
		{0D9477A0-7D9F-445B-B13C-878C2ABDB529}.Release|Any CPU.ActiveCfg = Release|Any CPU
		{0D9477A0-7D9F-445B-B13C-878C2ABDB529}.Release|Any CPU.Build.0 = Release|Any CPU
		{D7A1DF2E-9BD9-418F-9348-B82BB021D8AA}.Debug|Any CPU.ActiveCfg = Debug|Any CPU
		{D7A1DF2E-9BD9-418F-9348-B82BB021D8AA}.Debug|Any CPU.Build.0 = Debug|Any CPU
		{D7A1DF2E-9BD9-418F-9348-B82BB021D8AA}.Release|Any CPU.ActiveCfg = Release|Any CPU
		{D7A1DF2E-9BD9-418F-9348-B82BB021D8AA}.Release|Any CPU.Build.0 = Release|Any CPU
	EndGlobalSection
	GlobalSection(SolutionProperties) = preSolution
		HideSolutionNode = FALSE
	EndGlobalSection
	GlobalSection(NestedProjects) = preSolution
		{6630DA33-A067-40FD-A4DA-59E0F6B27D1A} = {F3B48969-EAA7-4D0F-B8C9-EADAD1E8DA53}
		{6E28DD91-4E98-4920-906E-B2935DD67B10} = {C6FBB2DA-B3A1-4165-90C8-F34408B55A2E}
		{BCC5085C-4627-4C8C-A342-75C0D26BD176} = {F3B48969-EAA7-4D0F-B8C9-EADAD1E8DA53}
		{2E3C9807-9FB1-44A2-9D1D-8B78E1C0C689} = {C6FBB2DA-B3A1-4165-90C8-F34408B55A2E}
		{0D9477A0-7D9F-445B-B13C-878C2ABDB529} = {C6FBB2DA-B3A1-4165-90C8-F34408B55A2E}
		{D7A1DF2E-9BD9-418F-9348-B82BB021D8AA} = {F3B48969-EAA7-4D0F-B8C9-EADAD1E8DA53}
	EndGlobalSection
	GlobalSection(ExtensibilityGlobals) = postSolution
		SolutionGuid = {4CD748A4-FEC1-4DFC-B591-C7C982BC8F62}
	EndGlobalSection
EndGlobal
